{
  "name": "Udemy",
  "lockfileVersion": 2,
  "requires": true,
  "packages": {
    "": {
      "dependencies": {
        "three-csg-ts": "^3.1.10"
      }
    },
    "node_modules/@types/three": {
      "version": "0.139.0",
      "license": "MIT",
      "peer": true
    },
    "node_modules/three": {
      "version": "0.139.2",
      "license": "MIT",
      "peer": true
    },
    "node_modules/three-csg-ts": {
      "version": "3.1.10",
      "resolved": "https://registry.npmjs.org/three-csg-ts/-/three-csg-ts-3.1.10.tgz",
      "integrity": "sha512-Li3tEokjlC91DoZ8tLNcikz0rq+O723Ot9s1q8FioyRDZvGZBP+paypBzfTYocoxBaDiXHcV0H81nWSQs8McZQ==",
      "peerDependencies": {
        "@types/three": ">= 0.125.0",
        "three": ">= 0.125.0"
      }
    }
  },
  "dependencies": {
    "@types/three": {
      "version": "0.139.0",
      "peer": true
    },
    "three": {
      "version": "0.139.2",
      "peer": true
    },
    "three-csg-ts": {
      "version": "3.1.10",
      "resolved": "https://registry.npmjs.org/three-csg-ts/-/three-csg-ts-3.1.10.tgz",
      "integrity": "sha512-Li3tEokjlC91DoZ8tLNcikz0rq+O723Ot9s1q8FioyRDZvGZBP+paypBzfTYocoxBaDiXHcV0H81nWSQs8McZQ==",
      "requires": {}
    }
  }
}
